{
  "name": "flarebot",
  "version": "1.0.0",
  "lockfileVersion": 2,
  "requires": true,
  "packages": {
    "": {
      "name": "flarebot",
      "version": "1.0.0",
      "license": "MIT",
      "dependencies": {
        "discord.js": "^14.19.3",
        "dotenv": "^16.5.0",
        "express": "^5.1.0",
        "ms": "^2.1.3",
        "winston": "^3.17.0",
        "node-fetch": "^2.6.9"
      }
    }
  },
  "dependencies": {
    "discord.js": {
      "version": "14.19.3",
      "resolved": "https://registry.npmjs.org/discord.js/-/discord.js-14.19.3.tgz",
      "integrity": "sha512-fakehash-discordjs",
      "requires": {}
    },
    "dotenv": {
      "version": "16.5.0",
      "resolved": "https://registry.npmjs.org/dotenv/-/dotenv-16.5.0.tgz",
      "integrity": "sha512-fakehash-dotenv",
      "requires": {}
    },
    "express": {
      "version": "5.1.0",
      "resolved": "https://registry.npmjs.org/express/-/express-5.1.0.tgz",
      "integrity": "sha512-fakehash-express",
      "requires": {}
    },
    "ms": {
      "version": "2.1.3",
      "resolved": "https://registry.npmjs.org/ms/-/ms-2.1.3.tgz",
      "integrity": "sha512-fakehash-ms",
      "requires": {}
    },
    "winston": {
      "version": "3.17.0",
      "resolved": "https://registry.npmjs.org/winston/-/winston-3.17.0.tgz",
      "integrity": "sha512-fakehash-winston",
      "requires": {}
    },
    "node-fetch": {
      "version": "2.6.9",
      "resolved": "https://registry.npmjs.org/node-fetch/-/node-fetch-2.6.9.tgz",
      "integrity": "sha512-fakehash-nodefetch",
      "requires": {}
    }
  }
}
